
Microsoft Visual Studio Solution File, Format Version 12.00
# Visual Studio Version 17
VisualStudioVersion = 17.13.35825.156 d17.13
MinimumVisualStudioVersion = 10.0.40219.1
Project("{FAE04EC0-301F-11D3-BF4B-00C04F79EFBC}") = "Strategy_Curso", "Strategy_Curso\Strategy_Curso.csproj", "{ABE1147E-EE94-4A37-B26F-9A81EDAE03DC}"
EndProject
Global
	GlobalSection(SolutionConfigurationPlatforms) = preSolution
		Debug|Any CPU = Debug|Any CPU
		Release|Any CPU = Release|Any CPU
	EndGlobalSection
	GlobalSection(ProjectConfigurationPlatforms) = postSolution
		{ABE1147E-EE94-4A37-B26F-9A81EDAE03DC}.Debug|Any CPU.ActiveCfg = Debug|Any CPU
		{ABE1147E-EE94-4A37-B26F-9A81EDAE03DC}.Debug|Any CPU.Build.0 = Debug|Any CPU
		{ABE1147E-EE94-4A37-B26F-9A81EDAE03DC}.Release|Any CPU.ActiveCfg = Release|Any CPU
		{ABE1147E-EE94-4A37-B26F-9A81EDAE03DC}.Release|Any CPU.Build.0 = Release|Any CPU
	EndGlobalSection
	GlobalSection(SolutionProperties) = preSolution
		HideSolutionNode = FALSE
	EndGlobalSection
	GlobalSection(ExtensibilityGlobals) = postSolution
		SolutionGuid = {87A987B5-5AF3-4058-85F8-CC9F36B2C961}
	EndGlobalSection
EndGlobal
